
Microsoft Visual Studio Solution File, Format Version 12.00
# Visual Studio Version 17
VisualStudioVersion = 17.11.35219.272
MinimumVisualStudioVersion = 10.0.40219.1
Project("{FAE04EC0-301F-11D3-BF4B-00C04F79EFBC}") = "NoteHub.Web", "NoteHub.Web\NoteHub.Web.csproj", "{C27C9222-759A-4E93-834F-020E72B3E774}"
EndProject
Project("{FAE04EC0-301F-11D3-BF4B-00C04F79EFBC}") = "NoteHub.Data.Models", "NoteHub.Data.Models\NoteHub.Data.Models.csproj", "{884930BB-5684-4C71-9B0D-7C5BD5595768}"
EndProject
Project("{FAE04EC0-301F-11D3-BF4B-00C04F79EFBC}") = "NoteHub.Data", "NoteHub.Data\NoteHub.Data.csproj", "{98FDF1D1-83DF-4CA8-BE85-4837445D31C3}"
EndProject
Project("{FAE04EC0-301F-11D3-BF4B-00C04F79EFBC}") = "NoteHub.Common", "NoteHub.Common\NoteHub.Common.csproj", "{5F80823B-35DE-43E1-8467-B4F92069EC87}"
EndProject
Project("{FAE04EC0-301F-11D3-BF4B-00C04F79EFBC}") = "NoteHub.Services.Data", "NoteHub.Services.Data\NoteHub.Services.Data.csproj", "{F0F6FE91-FC94-4368-ADFF-0EAC2EA42902}"
EndProject
Project("{FAE04EC0-301F-11D3-BF4B-00C04F79EFBC}") = "NoteHub.Web.ViewModels", "NoteHub.Web.ViewModels\NoteHub.Web.ViewModels.csproj", "{4F43867E-879F-4CBA-B2F3-BBD8AB31B739}"
EndProject
Project("{FAE04EC0-301F-11D3-BF4B-00C04F79EFBC}") = "NoteHub.Services.Tests", "NoteHub.Services.Tests\NoteHub.Services.Tests.csproj", "{30BD650C-BA59-4D94-B7BD-333BAD724508}"
EndProject
Global
	GlobalSection(SolutionConfigurationPlatforms) = preSolution
		Debug|Any CPU = Debug|Any CPU
		Release|Any CPU = Release|Any CPU
	EndGlobalSection
	GlobalSection(ProjectConfigurationPlatforms) = postSolution
		{C27C9222-759A-4E93-834F-020E72B3E774}.Debug|Any CPU.ActiveCfg = Debug|Any CPU
		{C27C9222-759A-4E93-834F-020E72B3E774}.Debug|Any CPU.Build.0 = Debug|Any CPU
		{C27C9222-759A-4E93-834F-020E72B3E774}.Release|Any CPU.ActiveCfg = Release|Any CPU
		{C27C9222-759A-4E93-834F-020E72B3E774}.Release|Any CPU.Build.0 = Release|Any CPU
		{884930BB-5684-4C71-9B0D-7C5BD5595768}.Debug|Any CPU.ActiveCfg = Debug|Any CPU
		{884930BB-5684-4C71-9B0D-7C5BD5595768}.Debug|Any CPU.Build.0 = Debug|Any CPU
		{884930BB-5684-4C71-9B0D-7C5BD5595768}.Release|Any CPU.ActiveCfg = Release|Any CPU
		{884930BB-5684-4C71-9B0D-7C5BD5595768}.Release|Any CPU.Build.0 = Release|Any CPU
		{98FDF1D1-83DF-4CA8-BE85-4837445D31C3}.Debug|Any CPU.ActiveCfg = Debug|Any CPU
		{98FDF1D1-83DF-4CA8-BE85-4837445D31C3}.Debug|Any CPU.Build.0 = Debug|Any CPU
		{98FDF1D1-83DF-4CA8-BE85-4837445D31C3}.Release|Any CPU.ActiveCfg = Release|Any CPU
		{98FDF1D1-83DF-4CA8-BE85-4837445D31C3}.Release|Any CPU.Build.0 = Release|Any CPU
		{5F80823B-35DE-43E1-8467-B4F92069EC87}.Debug|Any CPU.ActiveCfg = Debug|Any CPU
		{5F80823B-35DE-43E1-8467-B4F92069EC87}.Debug|Any CPU.Build.0 = Debug|Any CPU
		{5F80823B-35DE-43E1-8467-B4F92069EC87}.Release|Any CPU.ActiveCfg = Release|Any CPU
		{5F80823B-35DE-43E1-8467-B4F92069EC87}.Release|Any CPU.Build.0 = Release|Any CPU
		{F0F6FE91-FC94-4368-ADFF-0EAC2EA42902}.Debug|Any CPU.ActiveCfg = Debug|Any CPU
		{F0F6FE91-FC94-4368-ADFF-0EAC2EA42902}.Debug|Any CPU.Build.0 = Debug|Any CPU
		{F0F6FE91-FC94-4368-ADFF-0EAC2EA42902}.Release|Any CPU.ActiveCfg = Release|Any CPU
		{F0F6FE91-FC94-4368-ADFF-0EAC2EA42902}.Release|Any CPU.Build.0 = Release|Any CPU
		{4F43867E-879F-4CBA-B2F3-BBD8AB31B739}.Debug|Any CPU.ActiveCfg = Debug|Any CPU
		{4F43867E-879F-4CBA-B2F3-BBD8AB31B739}.Debug|Any CPU.Build.0 = Debug|Any CPU
		{4F43867E-879F-4CBA-B2F3-BBD8AB31B739}.Release|Any CPU.ActiveCfg = Release|Any CPU
		{4F43867E-879F-4CBA-B2F3-BBD8AB31B739}.Release|Any CPU.Build.0 = Release|Any CPU
		{30BD650C-BA59-4D94-B7BD-333BAD724508}.Debug|Any CPU.ActiveCfg = Debug|Any CPU
		{30BD650C-BA59-4D94-B7BD-333BAD724508}.Debug|Any CPU.Build.0 = Debug|Any CPU
		{30BD650C-BA59-4D94-B7BD-333BAD724508}.Release|Any CPU.ActiveCfg = Release|Any CPU
		{30BD650C-BA59-4D94-B7BD-333BAD724508}.Release|Any CPU.Build.0 = Release|Any CPU
	EndGlobalSection
	GlobalSection(SolutionProperties) = preSolution
		HideSolutionNode = FALSE
	EndGlobalSection
	GlobalSection(ExtensibilityGlobals) = postSolution
		SolutionGuid = {224249D3-0FCD-4EAB-80D0-C4125E646E82}
	EndGlobalSection
EndGlobal
